
Microsoft Visual Studio Solution File, Format Version 12.00
# Visual Studio Version 17
VisualStudioVersion = 17.3.32825.248
MinimumVisualStudioVersion = 10.0.40219.1
Project("{FAE04EC0-301F-11D3-BF4B-00C04F79EFBC}") = "WechatAssist", "WechatAssist.csproj", "{F8F9CBD3-87EB-4CBC-B74E-3E4221DA9AFF}"
EndProject
Global
	GlobalSection(SolutionConfigurationPlatforms) = preSolution
		Debug|Any CPU = Debug|Any CPU
		Release|Any CPU = Release|Any CPU
	EndGlobalSection
	GlobalSection(ProjectConfigurationPlatforms) = postSolution
		{F8F9CBD3-87EB-4CBC-B74E-3E4221DA9AFF}.Debug|Any CPU.ActiveCfg = Debug|Any CPU
		{F8F9CBD3-87EB-4CBC-B74E-3E4221DA9AFF}.Debug|Any CPU.Build.0 = Debug|Any CPU
		{F8F9CBD3-87EB-4CBC-B74E-3E4221DA9AFF}.Release|Any CPU.ActiveCfg = Release|Any CPU
		{F8F9CBD3-87EB-4CBC-B74E-3E4221DA9AFF}.Release|Any CPU.Build.0 = Release|Any CPU
	EndGlobalSection
	GlobalSection(SolutionProperties) = preSolution
		HideSolutionNode = FALSE
	EndGlobalSection
	GlobalSection(ExtensibilityGlobals) = postSolution
		SolutionGuid = {6F5372CF-9470-4F67-AAE0-799FF85565A7}
	EndGlobalSection
EndGlobal
